<?xml version="1.0" encoding="UTF-8" standalone="yes" ?>
<CodeBlocks_project_file>
	<FileVersion major="1" minor="6" />
	<Project>
		<Option title="ARAS" />
		<Option makefile_is_custom="1" />
		<Option pch_mode="2" />
		<Option compiler="gcc" />
		<Build>
			<Target title="Release">
				<Option output="bin/aras_daemon" prefix_auto="1" extension_auto="1" />
				<Option object_output="obj/" />
				<Option type="1" />
				<Option compiler="gcc" />
				<Compiler>
					<Add option="-O2" />
				</Compiler>
				<Linker>
					<Add option="-s" />
				</Linker>
				<MakeCommands>
					<Build command="$make -f $makefile all" />
					<CompileFile command="$make -f $makefile all" />
					<Clean command="$make -f $makefile clean" />
					<DistClean command="$make -f $makefile distclean$target" />
					<AskRebuildNeeded command="$make -q -f $makefile all" />
					<SilentBuild command="$make -f $makefile all &gt; $(CMD_NULL)" />
				</MakeCommands>
			</Target>
		</Build>
		<Compiler>
			<Add option="-Wall" />
		</Compiler>
		<Unit filename="Makefile" />
		<Unit filename="include/aras.h" />
		<Unit filename="include/aras/block.h" />
		<Unit filename="include/aras/configuration.h" />
		<Unit filename="include/aras/engine.h" />
		<Unit filename="include/aras/gui_player.h" />
		<Unit filename="include/aras/gui_recorder.h" />
		<Unit filename="include/aras/log.h" />
		<Unit filename="include/aras/main_daemon.h" />
		<Unit filename="include/aras/main_player.h" />
		<Unit filename="include/aras/main_recorder.h" />
		<Unit filename="include/aras/parse.h" />
		<Unit filename="include/aras/player.h" />
		<Unit filename="include/aras/playlist.h" />
		<Unit filename="include/aras/recorder.h" />
		<Unit filename="include/aras/schedule.h" />
		<Unit filename="include/aras/time.h" />
		<Unit filename="src/aras/Makefile" />
		<Unit filename="src/aras/block.c">
			<Option compilerVar="CC" />
		</Unit>
		<Unit filename="src/aras/configuration.c">
			<Option compilerVar="CC" />
		</Unit>
		<Unit filename="src/aras/engine.c">
			<Option compilerVar="CC" />
		</Unit>
		<Unit filename="src/aras/gui_player.c">
			<Option compilerVar="CC" />
		</Unit>
		<Unit filename="src/aras/gui_recorder.c">
			<Option compilerVar="CC" />
		</Unit>
		<Unit filename="src/aras/log.c">
			<Option compilerVar="CC" />
		</Unit>
		<Unit filename="src/aras/main_daemon.c">
			<Option compilerVar="CC" />
		</Unit>
		<Unit filename="src/aras/main_player.c">
			<Option compilerVar="CC" />
		</Unit>
		<Unit filename="src/aras/main_recorder.c">
			<Option compilerVar="CC" />
		</Unit>
		<Unit filename="src/aras/parse.c">
			<Option compilerVar="CC" />
		</Unit>
		<Unit filename="src/aras/player.c">
			<Option compilerVar="CC" />
		</Unit>
		<Unit filename="src/aras/playlist.c">
			<Option compilerVar="CC" />
		</Unit>
		<Unit filename="src/aras/recorder.c">
			<Option compilerVar="CC" />
		</Unit>
		<Unit filename="src/aras/schedule.c">
			<Option compilerVar="CC" />
		</Unit>
		<Unit filename="src/aras/time.c">
			<Option compilerVar="CC" />
		</Unit>
		<Extensions>
			<code_completion />
			<debugger />
		</Extensions>
	</Project>
</CodeBlocks_project_file>
